{
  "originHash" : "f4cdd6bf9f58eab7e992ec8d26b6f2911353531a2f84cb339ea6bf3899c0eced",
  "pins" : [
    {
      "identity" : "grdb.swift",
      "kind" : "remoteSourceControl",
      "location" : "https://github.com/groue/GRDB.swift.git",
      "state" : {
        "revision" : "18497b68fdbb3a09528d260a0a0e1e7e61c8c53d",
        "version" : "7.8.0"
      }
    },
    {
      "identity" : "swiftsoup",
      "kind" : "remoteSourceControl",
      "location" : "https://github.com/scinfu/SwiftSoup.git",
      "state" : {
        "revision" : "dee225a3da7b68d34936abc4dc8f34f2264db647",
        "version" : "2.9.6"
      }
    }
  ],
  "version" : 3
}
